
Microsoft Visual Studio Solution File, Format Version 12.00
# Visual Studio Version 17
VisualStudioVersion = 17.14.36414.22
MinimumVisualStudioVersion = 10.0.40219.1
Project("{FAE04EC0-301F-11D3-BF4B-00C04F79EFBC}") = "FreshFarm.Contracts", "..\BuildingBlocks\FreshFarm.Contracts\FreshFarm.Contracts.csproj", "{D7B3EDCE-994A-47B0-9E8C-801370543D7C}"
EndProject
Project("{FAE04EC0-301F-11D3-BF4B-00C04F79EFBC}") = "FreshFarm.Identity.Api", "..\Services\Identity\FreshFarm.Identity.API\FreshFarm.Identity.Api.csproj", "{FC1C154C-5693-4DEC-A77F-072FF9C2FD48}"
EndProject
Project("{FAE04EC0-301F-11D3-BF4B-00C04F79EFBC}") = "FreshFarm.Catalog.Api", "..\Services\Catalog\FreshFarm.Catalog.Api\FreshFarm.Catalog.Api.csproj", "{D41BAC5D-070E-4870-9234-627FEC4F1FEE}"
EndProject
Project("{FAE04EC0-301F-11D3-BF4B-00C04F79EFBC}") = "FreshFarm.Web.Bff", "..\Web\FreshFarm.Web.Bff\FreshFarm.Web.Bff.csproj", "{9C90AA9B-D025-483A-8F48-5B7A84CA31E2}"
EndProject
Project("{FAE04EC0-301F-11D3-BF4B-00C04F79EFBC}") = "FreshFarm.Ordering.Api", "..\Services\Ordering\FreshFarm.Ordering.Api\FreshFarm.Ordering.Api.csproj", "{DC59800D-409F-4976-81BC-62CBF517D2ED}"
EndProject
Global
	GlobalSection(SolutionConfigurationPlatforms) = preSolution
		Debug|Any CPU = Debug|Any CPU
		Release|Any CPU = Release|Any CPU
	EndGlobalSection
	GlobalSection(ProjectConfigurationPlatforms) = postSolution
		{D7B3EDCE-994A-47B0-9E8C-801370543D7C}.Debug|Any CPU.ActiveCfg = Debug|Any CPU
		{D7B3EDCE-994A-47B0-9E8C-801370543D7C}.Debug|Any CPU.Build.0 = Debug|Any CPU
		{D7B3EDCE-994A-47B0-9E8C-801370543D7C}.Release|Any CPU.ActiveCfg = Release|Any CPU
		{D7B3EDCE-994A-47B0-9E8C-801370543D7C}.Release|Any CPU.Build.0 = Release|Any CPU
		{FC1C154C-5693-4DEC-A77F-072FF9C2FD48}.Debug|Any CPU.ActiveCfg = Debug|Any CPU
		{FC1C154C-5693-4DEC-A77F-072FF9C2FD48}.Debug|Any CPU.Build.0 = Debug|Any CPU
		{FC1C154C-5693-4DEC-A77F-072FF9C2FD48}.Release|Any CPU.ActiveCfg = Release|Any CPU
		{FC1C154C-5693-4DEC-A77F-072FF9C2FD48}.Release|Any CPU.Build.0 = Release|Any CPU
		{D41BAC5D-070E-4870-9234-627FEC4F1FEE}.Debug|Any CPU.ActiveCfg = Debug|Any CPU
		{D41BAC5D-070E-4870-9234-627FEC4F1FEE}.Debug|Any CPU.Build.0 = Debug|Any CPU
		{D41BAC5D-070E-4870-9234-627FEC4F1FEE}.Release|Any CPU.ActiveCfg = Release|Any CPU
		{D41BAC5D-070E-4870-9234-627FEC4F1FEE}.Release|Any CPU.Build.0 = Release|Any CPU
		{9C90AA9B-D025-483A-8F48-5B7A84CA31E2}.Debug|Any CPU.ActiveCfg = Debug|Any CPU
		{9C90AA9B-D025-483A-8F48-5B7A84CA31E2}.Debug|Any CPU.Build.0 = Debug|Any CPU
		{9C90AA9B-D025-483A-8F48-5B7A84CA31E2}.Release|Any CPU.ActiveCfg = Release|Any CPU
		{9C90AA9B-D025-483A-8F48-5B7A84CA31E2}.Release|Any CPU.Build.0 = Release|Any CPU
		{DC59800D-409F-4976-81BC-62CBF517D2ED}.Debug|Any CPU.ActiveCfg = Debug|Any CPU
		{DC59800D-409F-4976-81BC-62CBF517D2ED}.Debug|Any CPU.Build.0 = Debug|Any CPU
		{DC59800D-409F-4976-81BC-62CBF517D2ED}.Release|Any CPU.ActiveCfg = Release|Any CPU
		{DC59800D-409F-4976-81BC-62CBF517D2ED}.Release|Any CPU.Build.0 = Release|Any CPU
	EndGlobalSection
	GlobalSection(SolutionProperties) = preSolution
		HideSolutionNode = FALSE
	EndGlobalSection
	GlobalSection(ExtensibilityGlobals) = postSolution
		SolutionGuid = {2986B1B0-A18C-47C2-9A0B-D018856842E0}
	EndGlobalSection
EndGlobal
