
Microsoft Visual Studio Solution File, Format Version 12.00
# Visual Studio Version 17
VisualStudioVersion = 17.14.36414.22
MinimumVisualStudioVersion = 10.0.40219.1
Project("{FAE04EC0-301F-11D3-BF4B-00C04F79EFBC}") = "FreshFarm.Contracts", "..\BuildingBlocks\FreshFarm.Contracts\FreshFarm.Contracts.csproj", "{D7B3EDCE-994A-47B0-9E8C-801370543D7C}"
EndProject
Project("{FAE04EC0-301F-11D3-BF4B-00C04F79EFBC}") = "FreshFarm.Identity.Api", "..\Services\Identity\FreshFarm.Identity.API\FreshFarm.Identity.Api.csproj", "{FC1C154C-5693-4DEC-A77F-072FF9C2FD48}"
EndProject
Project("{FAE04EC0-301F-11D3-BF4B-00C04F79EFBC}") = "FreshFarm.Catalog.Api", "..\Services\Catalog\FreshFarm.Catalog.Api\FreshFarm.Catalog.Api.csproj", "{D41BAC5D-070E-4870-9234-627FEC4F1FEE}"
EndProject
Project("{FAE04EC0-301F-11D3-BF4B-00C04F79EFBC}") = "FreshFarm.Web.Bff", "..\Web\FreshFarm.Web.Bff\FreshFarm.Web.Bff.csproj", "{9C90AA9B-D025-483A-8F48-5B7A84CA31E2}"
EndProject
Project("{FAE04EC0-301F-11D3-BF4B-00C04F79EFBC}") = "FreshFarm.Ordering.Api", "..\Services\Ordering\FreshFarm.Ordering.Api\FreshFarm.Ordering.Api.csproj", "{DC59800D-409F-4976-81BC-62CBF517D2ED}"
EndProject
Project("{FAE04EC0-301F-11D3-BF4B-00C04F79EFBC}") = "FreshFarm.Web.Bff.Tests", "..\Tests\FreshFarm.Web.Bff.Tests\FreshFarm.Web.Bff.Tests.csproj", "{FE9FC6CE-E77A-43D6-9823-6959827781D3}"
EndProject
Project("{FAE04EC0-301F-11D3-BF4B-00C04F79EFBC}") = "FreshFarm.Ordering.Api.Tests", "..\Tests\FreshFarm.Ordering.Api.Tests\FreshFarm.Ordering.Api.Tests.csproj", "{FAEEE021-458A-4948-A499-ACC40A04718D}"
EndProject
Project("{FAE04EC0-301F-11D3-BF4B-00C04F79EFBC}") = "FreshFarm.Identity.Api.Tests", "..\Tests\FreshFarm.Identity.Api.Tests\FreshFarm.Identity.Api.Tests.csproj", "{72932B09-22F5-4CEA-8727-169A20688EEB}"
EndProject
Global
	GlobalSection(SolutionConfigurationPlatforms) = preSolution
		Debug|Any CPU = Debug|Any CPU
		Debug|x64 = Debug|x64
		Debug|x86 = Debug|x86
		Release|Any CPU = Release|Any CPU
		Release|x64 = Release|x64
		Release|x86 = Release|x86
	EndGlobalSection
	GlobalSection(ProjectConfigurationPlatforms) = postSolution
		{D7B3EDCE-994A-47B0-9E8C-801370543D7C}.Debug|Any CPU.ActiveCfg = Debug|Any CPU
		{D7B3EDCE-994A-47B0-9E8C-801370543D7C}.Debug|Any CPU.Build.0 = Debug|Any CPU
		{D7B3EDCE-994A-47B0-9E8C-801370543D7C}.Debug|x64.ActiveCfg = Debug|Any CPU
		{D7B3EDCE-994A-47B0-9E8C-801370543D7C}.Debug|x64.Build.0 = Debug|Any CPU
		{D7B3EDCE-994A-47B0-9E8C-801370543D7C}.Debug|x86.ActiveCfg = Debug|Any CPU
		{D7B3EDCE-994A-47B0-9E8C-801370543D7C}.Debug|x86.Build.0 = Debug|Any CPU
		{D7B3EDCE-994A-47B0-9E8C-801370543D7C}.Release|Any CPU.ActiveCfg = Release|Any CPU
		{D7B3EDCE-994A-47B0-9E8C-801370543D7C}.Release|Any CPU.Build.0 = Release|Any CPU
		{D7B3EDCE-994A-47B0-9E8C-801370543D7C}.Release|x64.ActiveCfg = Release|Any CPU
		{D7B3EDCE-994A-47B0-9E8C-801370543D7C}.Release|x64.Build.0 = Release|Any CPU
		{D7B3EDCE-994A-47B0-9E8C-801370543D7C}.Release|x86.ActiveCfg = Release|Any CPU
		{D7B3EDCE-994A-47B0-9E8C-801370543D7C}.Release|x86.Build.0 = Release|Any CPU
		{FC1C154C-5693-4DEC-A77F-072FF9C2FD48}.Debug|Any CPU.ActiveCfg = Debug|Any CPU
		{FC1C154C-5693-4DEC-A77F-072FF9C2FD48}.Debug|Any CPU.Build.0 = Debug|Any CPU
		{FC1C154C-5693-4DEC-A77F-072FF9C2FD48}.Debug|x64.ActiveCfg = Debug|Any CPU
		{FC1C154C-5693-4DEC-A77F-072FF9C2FD48}.Debug|x64.Build.0 = Debug|Any CPU
		{FC1C154C-5693-4DEC-A77F-072FF9C2FD48}.Debug|x86.ActiveCfg = Debug|Any CPU
		{FC1C154C-5693-4DEC-A77F-072FF9C2FD48}.Debug|x86.Build.0 = Debug|Any CPU
		{FC1C154C-5693-4DEC-A77F-072FF9C2FD48}.Release|Any CPU.ActiveCfg = Release|Any CPU
		{FC1C154C-5693-4DEC-A77F-072FF9C2FD48}.Release|Any CPU.Build.0 = Release|Any CPU
		{FC1C154C-5693-4DEC-A77F-072FF9C2FD48}.Release|x64.ActiveCfg = Release|Any CPU
		{FC1C154C-5693-4DEC-A77F-072FF9C2FD48}.Release|x64.Build.0 = Release|Any CPU
		{FC1C154C-5693-4DEC-A77F-072FF9C2FD48}.Release|x86.ActiveCfg = Release|Any CPU
		{FC1C154C-5693-4DEC-A77F-072FF9C2FD48}.Release|x86.Build.0 = Release|Any CPU
		{D41BAC5D-070E-4870-9234-627FEC4F1FEE}.Debug|Any CPU.ActiveCfg = Debug|Any CPU
		{D41BAC5D-070E-4870-9234-627FEC4F1FEE}.Debug|Any CPU.Build.0 = Debug|Any CPU
		{D41BAC5D-070E-4870-9234-627FEC4F1FEE}.Debug|x64.ActiveCfg = Debug|Any CPU
		{D41BAC5D-070E-4870-9234-627FEC4F1FEE}.Debug|x64.Build.0 = Debug|Any CPU
		{D41BAC5D-070E-4870-9234-627FEC4F1FEE}.Debug|x86.ActiveCfg = Debug|Any CPU
		{D41BAC5D-070E-4870-9234-627FEC4F1FEE}.Debug|x86.Build.0 = Debug|Any CPU
		{D41BAC5D-070E-4870-9234-627FEC4F1FEE}.Release|Any CPU.ActiveCfg = Release|Any CPU
		{D41BAC5D-070E-4870-9234-627FEC4F1FEE}.Release|Any CPU.Build.0 = Release|Any CPU
		{D41BAC5D-070E-4870-9234-627FEC4F1FEE}.Release|x64.ActiveCfg = Release|Any CPU
		{D41BAC5D-070E-4870-9234-627FEC4F1FEE}.Release|x64.Build.0 = Release|Any CPU
		{D41BAC5D-070E-4870-9234-627FEC4F1FEE}.Release|x86.ActiveCfg = Release|Any CPU
		{D41BAC5D-070E-4870-9234-627FEC4F1FEE}.Release|x86.Build.0 = Release|Any CPU
		{9C90AA9B-D025-483A-8F48-5B7A84CA31E2}.Debug|Any CPU.ActiveCfg = Debug|Any CPU
		{9C90AA9B-D025-483A-8F48-5B7A84CA31E2}.Debug|Any CPU.Build.0 = Debug|Any CPU
		{9C90AA9B-D025-483A-8F48-5B7A84CA31E2}.Debug|x64.ActiveCfg = Debug|Any CPU
		{9C90AA9B-D025-483A-8F48-5B7A84CA31E2}.Debug|x64.Build.0 = Debug|Any CPU
		{9C90AA9B-D025-483A-8F48-5B7A84CA31E2}.Debug|x86.ActiveCfg = Debug|Any CPU
		{9C90AA9B-D025-483A-8F48-5B7A84CA31E2}.Debug|x86.Build.0 = Debug|Any CPU
		{9C90AA9B-D025-483A-8F48-5B7A84CA31E2}.Release|Any CPU.ActiveCfg = Release|Any CPU
		{9C90AA9B-D025-483A-8F48-5B7A84CA31E2}.Release|Any CPU.Build.0 = Release|Any CPU
		{9C90AA9B-D025-483A-8F48-5B7A84CA31E2}.Release|x64.ActiveCfg = Release|Any CPU
		{9C90AA9B-D025-483A-8F48-5B7A84CA31E2}.Release|x64.Build.0 = Release|Any CPU
		{9C90AA9B-D025-483A-8F48-5B7A84CA31E2}.Release|x86.ActiveCfg = Release|Any CPU
		{9C90AA9B-D025-483A-8F48-5B7A84CA31E2}.Release|x86.Build.0 = Release|Any CPU
		{DC59800D-409F-4976-81BC-62CBF517D2ED}.Debug|Any CPU.ActiveCfg = Debug|Any CPU
		{DC59800D-409F-4976-81BC-62CBF517D2ED}.Debug|Any CPU.Build.0 = Debug|Any CPU
		{DC59800D-409F-4976-81BC-62CBF517D2ED}.Debug|x64.ActiveCfg = Debug|Any CPU
		{DC59800D-409F-4976-81BC-62CBF517D2ED}.Debug|x64.Build.0 = Debug|Any CPU
		{DC59800D-409F-4976-81BC-62CBF517D2ED}.Debug|x86.ActiveCfg = Debug|Any CPU
		{DC59800D-409F-4976-81BC-62CBF517D2ED}.Debug|x86.Build.0 = Debug|Any CPU
		{DC59800D-409F-4976-81BC-62CBF517D2ED}.Release|Any CPU.ActiveCfg = Release|Any CPU
		{DC59800D-409F-4976-81BC-62CBF517D2ED}.Release|Any CPU.Build.0 = Release|Any CPU
		{DC59800D-409F-4976-81BC-62CBF517D2ED}.Release|x64.ActiveCfg = Release|Any CPU
		{DC59800D-409F-4976-81BC-62CBF517D2ED}.Release|x64.Build.0 = Release|Any CPU
		{DC59800D-409F-4976-81BC-62CBF517D2ED}.Release|x86.ActiveCfg = Release|Any CPU
		{DC59800D-409F-4976-81BC-62CBF517D2ED}.Release|x86.Build.0 = Release|Any CPU
		{FE9FC6CE-E77A-43D6-9823-6959827781D3}.Debug|Any CPU.ActiveCfg = Debug|Any CPU
		{FE9FC6CE-E77A-43D6-9823-6959827781D3}.Debug|Any CPU.Build.0 = Debug|Any CPU
		{FE9FC6CE-E77A-43D6-9823-6959827781D3}.Debug|x64.ActiveCfg = Debug|Any CPU
		{FE9FC6CE-E77A-43D6-9823-6959827781D3}.Debug|x64.Build.0 = Debug|Any CPU
		{FE9FC6CE-E77A-43D6-9823-6959827781D3}.Debug|x86.ActiveCfg = Debug|Any CPU
		{FE9FC6CE-E77A-43D6-9823-6959827781D3}.Debug|x86.Build.0 = Debug|Any CPU
		{FE9FC6CE-E77A-43D6-9823-6959827781D3}.Release|Any CPU.ActiveCfg = Release|Any CPU
		{FE9FC6CE-E77A-43D6-9823-6959827781D3}.Release|Any CPU.Build.0 = Release|Any CPU
		{FE9FC6CE-E77A-43D6-9823-6959827781D3}.Release|x64.ActiveCfg = Release|Any CPU
		{FE9FC6CE-E77A-43D6-9823-6959827781D3}.Release|x64.Build.0 = Release|Any CPU
		{FE9FC6CE-E77A-43D6-9823-6959827781D3}.Release|x86.ActiveCfg = Release|Any CPU
		{FE9FC6CE-E77A-43D6-9823-6959827781D3}.Release|x86.Build.0 = Release|Any CPU
		{FAEEE021-458A-4948-A499-ACC40A04718D}.Debug|Any CPU.ActiveCfg = Debug|Any CPU
		{FAEEE021-458A-4948-A499-ACC40A04718D}.Debug|Any CPU.Build.0 = Debug|Any CPU
		{FAEEE021-458A-4948-A499-ACC40A04718D}.Debug|x64.ActiveCfg = Debug|Any CPU
		{FAEEE021-458A-4948-A499-ACC40A04718D}.Debug|x64.Build.0 = Debug|Any CPU
		{FAEEE021-458A-4948-A499-ACC40A04718D}.Debug|x86.ActiveCfg = Debug|Any CPU
		{FAEEE021-458A-4948-A499-ACC40A04718D}.Debug|x86.Build.0 = Debug|Any CPU
		{FAEEE021-458A-4948-A499-ACC40A04718D}.Release|Any CPU.ActiveCfg = Release|Any CPU
		{FAEEE021-458A-4948-A499-ACC40A04718D}.Release|Any CPU.Build.0 = Release|Any CPU
		{FAEEE021-458A-4948-A499-ACC40A04718D}.Release|x64.ActiveCfg = Release|Any CPU
		{FAEEE021-458A-4948-A499-ACC40A04718D}.Release|x64.Build.0 = Release|Any CPU
		{FAEEE021-458A-4948-A499-ACC40A04718D}.Release|x86.ActiveCfg = Release|Any CPU
		{FAEEE021-458A-4948-A499-ACC40A04718D}.Release|x86.Build.0 = Release|Any CPU
		{72932B09-22F5-4CEA-8727-169A20688EEB}.Debug|Any CPU.ActiveCfg = Debug|Any CPU
		{72932B09-22F5-4CEA-8727-169A20688EEB}.Debug|Any CPU.Build.0 = Debug|Any CPU
		{72932B09-22F5-4CEA-8727-169A20688EEB}.Debug|x64.ActiveCfg = Debug|Any CPU
		{72932B09-22F5-4CEA-8727-169A20688EEB}.Debug|x64.Build.0 = Debug|Any CPU
		{72932B09-22F5-4CEA-8727-169A20688EEB}.Debug|x86.ActiveCfg = Debug|Any CPU
		{72932B09-22F5-4CEA-8727-169A20688EEB}.Debug|x86.Build.0 = Debug|Any CPU
		{72932B09-22F5-4CEA-8727-169A20688EEB}.Release|Any CPU.ActiveCfg = Release|Any CPU
		{72932B09-22F5-4CEA-8727-169A20688EEB}.Release|Any CPU.Build.0 = Release|Any CPU
		{72932B09-22F5-4CEA-8727-169A20688EEB}.Release|x64.ActiveCfg = Release|Any CPU
		{72932B09-22F5-4CEA-8727-169A20688EEB}.Release|x64.Build.0 = Release|Any CPU
		{72932B09-22F5-4CEA-8727-169A20688EEB}.Release|x86.ActiveCfg = Release|Any CPU
		{72932B09-22F5-4CEA-8727-169A20688EEB}.Release|x86.Build.0 = Release|Any CPU
	EndGlobalSection
	GlobalSection(SolutionProperties) = preSolution
		HideSolutionNode = FALSE
	EndGlobalSection
	GlobalSection(ExtensibilityGlobals) = postSolution
		SolutionGuid = {2986B1B0-A18C-47C2-9A0B-D018856842E0}
	EndGlobalSection
EndGlobal
